// !$*UTF8*$!
{
	archiveVersion = 1;
	classes = {
	};
	objectVersion = 46;
	objects = {

/* Begin PBXBuildFile section */
		200318C7156558F70015F148 /* UIKit.framework in Frameworks */ = {isa = PBXBuildFile; fileRef = 200318C6156558F70015F148 /* UIKit.framework */; };
		200318C9156558F70015F148 /* Foundation.framework in Frameworks */ = {isa = PBXBuildFile; fileRef = 200318C8156558F70015F148 /* Foundation.framework */; };
		200318CB156558F70015F148 /* CoreGraphics.framework in Frameworks */ = {isa = PBXBuildFile; fileRef = 200318CA156558F70015F148 /* CoreGraphics.framework */; };
		200318D1156558F70015F148 /* InfoPlist.strings in Resources */ = {isa = PBXBuildFile; fileRef = 200318CF156558F70015F148 /* InfoPlist.strings */; };
		200318D3156558F70015F148 /* main.m in Sources */ = {isa = PBXBuildFile; fileRef = 200318D2156558F70015F148 /* main.m */; };
		200318D7156558F70015F148 /* AppDelegate.m in Sources */ = {isa = PBXBuildFile; fileRef = 200318D6156558F70015F148 /* AppDelegate.m */; };
		200318DF1565590F0015F148 /* Downloader.m in Sources */ = {isa = PBXBuildFile; fileRef = 200318DE1565590F0015F148 /* Downloader.m */; };
/* End PBXBuildFile section */

/* Begin PBXFileReference section */
		200318C2156558F70015F148 /* SimulatedDownloader.app */ = {isa = PBXFileReference; explicitFileType = wrapper.application; includeInIndex = 0; path = SimulatedDownloader.app; sourceTree = BUILT_PRODUCTS_DIR; };
		200318C6156558F70015F148 /* UIKit.framework */ = {isa = PBXFileReference; lastKnownFileType = wrapper.framework; name = UIKit.framework; path = System/Library/Frameworks/UIKit.framework; sourceTree = SDKROOT; };
		200318C8156558F70015F148 /* Foundation.framework */ = {isa = PBXFileReference; lastKnownFileType = wrapper.framework; name = Foundation.framework; path = System/Library/Frameworks/Foundation.framework; sourceTree = SDKROOT; };
		200318CA156558F70015F148 /* CoreGraphics.framework */ = {isa = PBXFileReference; lastKnownFileType = wrapper.framework; name = CoreGraphics.framework; path = System/Library/Frameworks/CoreGraphics.framework; sourceTree = SDKROOT; };
		200318CE156558F70015F148 /* SimulatedDownloader-Info.plist */ = {isa = PBXFileReference; lastKnownFileType = text.plist.xml; path = "SimulatedDownloader-Info.plist"; sourceTree = "<group>"; };
		200318D0156558F70015F148 /* en */ = {isa = PBXFileReference; lastKnownFileType = text.plist.strings; name = en; path = en.lproj/InfoPlist.strings; sourceTree = "<group>"; };
		200318D2156558F70015F148 /* main.m */ = {isa = PBXFileReference; lastKnownFileType = sourcecode.c.objc; path = main.m; sourceTree = "<group>"; };
		200318D4156558F70015F148 /* SimulatedDownloader-Prefix.pch */ = {isa = PBXFileReference; lastKnownFileType = sourcecode.c.h; path = "SimulatedDownloader-Prefix.pch"; sourceTree = "<group>"; };
		200318D5156558F70015F148 /* AppDelegate.h */ = {isa = PBXFileReference; lastKnownFileType = sourcecode.c.h; path = AppDelegate.h; sourceTree = "<group>"; };
		200318D6156558F70015F148 /* AppDelegate.m */ = {isa = PBXFileReference; lastKnownFileType = sourcecode.c.objc; path = AppDelegate.m; sourceTree = "<group>"; };
		200318DD1565590F0015F148 /* Downloader.h */ = {isa = PBXFileReference; fileEncoding = 4; lastKnownFileType = sourcecode.c.h; path = Downloader.h; sourceTree = "<group>"; };
		200318DE1565590F0015F148 /* Downloader.m */ = {isa = PBXFileReference; fileEncoding = 4; lastKnownFileType = sourcecode.c.objc; path = Downloader.m; sourceTree = "<group>"; };
		200318E0156559290015F148 /* DownloaderDelegate.h */ = {isa = PBXFileReference; fileEncoding = 4; lastKnownFileType = sourcecode.c.h; path = DownloaderDelegate.h; sourceTree = "<group>"; };
/* End PBXFileReference section */

/* Begin PBXFrameworksBuildPhase section */
		200318BF156558F70015F148 /* Frameworks */ = {
			isa = PBXFrameworksBuildPhase;
			buildActionMask = 2147483647;
			files = (
				200318C7156558F70015F148 /* UIKit.framework in Frameworks */,
				200318C9156558F70015F148 /* Foundation.framework in Frameworks */,
				200318CB156558F70015F148 /* CoreGraphics.framework in Frameworks */,
			);
			runOnlyForDeploymentPostprocessing = 0;
		};
/* End PBXFrameworksBuildPhase section */

/* Begin PBXGroup section */
		200318B7156558F70015F148 = {
			isa = PBXGroup;
			children = (
				200318CC156558F70015F148 /* SimulatedDownloader */,
				200318C5156558F70015F148 /* Frameworks */,
				200318C3156558F70015F148 /* Products */,
			);
			sourceTree = "<group>";
		};
		200318C3156558F70015F148 /* Products */ = {
			isa = PBXGroup;
			children = (
				200318C2156558F70015F148 /* SimulatedDownloader.app */,
			);
			name = Products;
			sourceTree = "<group>";
		};
		200318C5156558F70015F148 /* Frameworks */ = {
			isa = PBXGroup;
			children = (
				200318C6156558F70015F148 /* UIKit.framework */,
				200318C8156558F70015F148 /* Foundation.framework */,
				200318CA156558F70015F148 /* CoreGraphics.framework */,
			);
			name = Frameworks;
			sourceTree = "<group>";
		};
		200318CC156558F70015F148 /* SimulatedDownloader */ = {
			isa = PBXGroup;
			children = (
				200318D5156558F70015F148 /* AppDelegate.h */,
				200318D6156558F70015F148 /* AppDelegate.m */,
				200318DD1565590F0015F148 /* Downloader.h */,
				200318DE1565590F0015F148 /* Downloader.m */,
				200318E0156559290015F148 /* DownloaderDelegate.h */,
				200318CD156558F70015F148 /* Supporting Files */,
			);
			path = SimulatedDownloader;
			sourceTree = "<group>";
		};
		200318CD156558F70015F148 /* Supporting Files */ = {
			isa = PBXGroup;
			children = (
				200318CE156558F70015F148 /* SimulatedDownloader-Info.plist */,
				200318CF156558F70015F148 /* InfoPlist.strings */,
				200318D2156558F70015F148 /* main.m */,
				200318D4156558F70015F148 /* SimulatedDownloader-Prefix.pch */,
			);
			name = "Supporting Files";
			sourceTree = "<group>";
		};
/* End PBXGroup section */

/* Begin PBXNativeTarget section */
		200318C1156558F70015F148 /* SimulatedDownloader */ = {
			isa = PBXNativeTarget;
			buildConfigurationList = 200318DA156558F70015F148 /* Build configuration list for PBXNativeTarget "SimulatedDownloader" */;
			buildPhases = (
				200318BE156558F70015F148 /* Sources */,
				200318BF156558F70015F148 /* Frameworks */,
				200318C0156558F70015F148 /* Resources */,
			);
			buildRules = (
			);
			dependencies = (
			);
			name = SimulatedDownloader;
			productName = SimulatedDownloader;
			productReference = 200318C2156558F70015F148 /* SimulatedDownloader.app */;
			productType = "com.apple.product-type.application";
		};
/* End PBXNativeTarget section */

/* Begin PBXProject section */
		200318B9156558F70015F148 /* Project object */ = {
			isa = PBXProject;
			attributes = {
				LastUpgradeCheck = 0420;
				ORGANIZATIONNAME = NewAperio;
			};
			buildConfigurationList = 200318BC156558F70015F148 /* Build configuration list for PBXProject "SimulatedDownloader" */;
			compatibilityVersion = "Xcode 3.2";
			developmentRegion = English;
			hasScannedForEncodings = 0;
			knownRegions = (
				en,
			);
			mainGroup = 200318B7156558F70015F148;
			productRefGroup = 200318C3156558F70015F148 /* Products */;
			projectDirPath = "";
			projectRoot = "";
			targets = (
				200318C1156558F70015F148 /* SimulatedDownloader */,
			);
		};
/* End PBXProject section */

/* Begin PBXResourcesBuildPhase section */
		200318C0156558F70015F148 /* Resources */ = {
			isa = PBXResourcesBuildPhase;
			buildActionMask = 2147483647;
			files = (
				200318D1156558F70015F148 /* InfoPlist.strings in Resources */,
			);
			runOnlyForDeploymentPostprocessing = 0;
		};
/* End PBXResourcesBuildPhase section */

/* Begin PBXSourcesBuildPhase section */
		200318BE156558F70015F148 /* Sources */ = {
			isa = PBXSourcesBuildPhase;
			buildActionMask = 2147483647;
			files = (
				200318D3156558F70015F148 /* main.m in Sources */,
				200318D7156558F70015F148 /* AppDelegate.m in Sources */,
				200318DF1565590F0015F148 /* Downloader.m in Sources */,
			);
			runOnlyForDeploymentPostprocessing = 0;
		};
/* End PBXSourcesBuildPhase section */

/* Begin PBXVariantGroup section */
		200318CF156558F70015F148 /* InfoPlist.strings */ = {
			isa = PBXVariantGroup;
			children = (
				200318D0156558F70015F148 /* en */,
			);
			name = InfoPlist.strings;
			sourceTree = "<group>";
		};
/* End PBXVariantGroup section */

/* Begin XCBuildConfiguration section */
		200318D8156558F70015F148 /* Debug */ = {
			isa = XCBuildConfiguration;
			buildSettings = {
				ALWAYS_SEARCH_USER_PATHS = NO;
				ARCHS = "$(ARCHS_STANDARD_32_BIT)";
				"CODE_SIGN_IDENTITY[sdk=iphoneos*]" = "iPhone Developer";
				COPY_PHASE_STRIP = NO;
				GCC_C_LANGUAGE_STANDARD = gnu99;
				GCC_DYNAMIC_NO_PIC = NO;
				GCC_OPTIMIZATION_LEVEL = 0;
				GCC_PREPROCESSOR_DEFINITIONS = (
					"DEBUG=1",
					"$(inherited)",
				);
				GCC_SYMBOLS_PRIVATE_EXTERN = NO;
				GCC_VERSION = com.apple.compilers.llvm.clang.1_0;
				GCC_WARN_ABOUT_MISSING_PROTOTYPES = YES;
				GCC_WARN_ABOUT_RETURN_TYPE = YES;
				GCC_WARN_UNUSED_VARIABLE = YES;
				IPHONEOS_DEPLOYMENT_TARGET = 5.0;
				SDKROOT = iphoneos;
				TARGETED_DEVICE_FAMILY = "1,2";
			};
			name = Debug;
		};
		200318D9156558F70015F148 /* Release */ = {
			isa = XCBuildConfiguration;
			buildSettings = {
				ALWAYS_SEARCH_USER_PATHS = NO;
				ARCHS = "$(ARCHS_STANDARD_32_BIT)";
				"CODE_SIGN_IDENTITY[sdk=iphoneos*]" = "iPhone Developer";
				COPY_PHASE_STRIP = YES;
				GCC_C_LANGUAGE_STANDARD = gnu99;
				GCC_VERSION = com.apple.compilers.llvm.clang.1_0;
				GCC_WARN_ABOUT_MISSING_PROTOTYPES = YES;
				GCC_WARN_ABOUT_RETURN_TYPE = YES;
				GCC_WARN_UNUSED_VARIABLE = YES;
				IPHONEOS_DEPLOYMENT_TARGET = 5.0;
				OTHER_CFLAGS = "-DNS_BLOCK_ASSERTIONS=1";
				SDKROOT = iphoneos;
				TARGETED_DEVICE_FAMILY = "1,2";
				VALIDATE_PRODUCT = YES;
			};
			name = Release;
		};
		200318DB156558F70015F148 /* Debug */ = {
			isa = XCBuildConfiguration;
			buildSettings = {
				GCC_PRECOMPILE_PREFIX_HEADER = YES;
				GCC_PREFIX_HEADER = "SimulatedDownloader/SimulatedDownloader-Prefix.pch";
				INFOPLIST_FILE = "SimulatedDownloader/SimulatedDownloader-Info.plist";
				PRODUCT_NAME = "$(TARGET_NAME)";
				WRAPPER_EXTENSION = app;
			};
			name = Debug;
		};
		200318DC156558F70015F148 /* Release */ = {
			isa = XCBuildConfiguration;
			buildSettings = {
				GCC_PRECOMPILE_PREFIX_HEADER = YES;
				GCC_PREFIX_HEADER = "SimulatedDownloader/SimulatedDownloader-Prefix.pch";
				INFOPLIST_FILE = "SimulatedDownloader/SimulatedDownloader-Info.plist";
				PRODUCT_NAME = "$(TARGET_NAME)";
				WRAPPER_EXTENSION = app;
			};
			name = Release;
		};
/* End XCBuildConfiguration section */

/* Begin XCConfigurationList section */
		200318BC156558F70015F148 /* Build configuration list for PBXProject "SimulatedDownloader" */ = {
			isa = XCConfigurationList;
			buildConfigurations = (
				200318D8156558F70015F148 /* Debug */,
				200318D9156558F70015F148 /* Release */,
			);
			defaultConfigurationIsVisible = 0;
			defaultConfigurationName = Release;
		};
		200318DA156558F70015F148 /* Build configuration list for PBXNativeTarget "SimulatedDownloader" */ = {
			isa = XCConfigurationList;
			buildConfigurations = (
				200318DB156558F70015F148 /* Debug */,
				200318DC156558F70015F148 /* Release */,
			);
			defaultConfigurationIsVisible = 0;
		};
/* End XCConfigurationList section */
	};
	rootObject = 200318B9156558F70015F148 /* Project object */;
}
