// !$*UTF8*$!
{
	archiveVersion = 1;
	classes = {
	};
	objectVersion = 46;
	objects = {

/* Begin PBXBuildFile section */
		200318531564B1A60015F148 /* UIKit.framework in Frameworks */ = {isa = PBXBuildFile; fileRef = 200318521564B1A60015F148 /* UIKit.framework */; };
		200318551564B1A60015F148 /* Foundation.framework in Frameworks */ = {isa = PBXBuildFile; fileRef = 200318541564B1A60015F148 /* Foundation.framework */; };
		200318571564B1A60015F148 /* CoreGraphics.framework in Frameworks */ = {isa = PBXBuildFile; fileRef = 200318561564B1A60015F148 /* CoreGraphics.framework */; };
		2003185D1564B1A60015F148 /* InfoPlist.strings in Resources */ = {isa = PBXBuildFile; fileRef = 2003185B1564B1A60015F148 /* InfoPlist.strings */; };
		2003185F1564B1A60015F148 /* main.m in Sources */ = {isa = PBXBuildFile; fileRef = 2003185E1564B1A60015F148 /* main.m */; };
		200318631564B1A70015F148 /* AppDelegate.m in Sources */ = {isa = PBXBuildFile; fileRef = 200318621564B1A70015F148 /* AppDelegate.m */; };
		2003186A1564B1DB0015F148 /* Storyboard_iPhone.storyboard in Resources */ = {isa = PBXBuildFile; fileRef = 200318691564B1DB0015F148 /* Storyboard_iPhone.storyboard */; };
		2003186D1564B3130015F148 /* TodoTableViewController.m in Sources */ = {isa = PBXBuildFile; fileRef = 2003186C1564B3130015F148 /* TodoTableViewController.m */; };
		200318701564B48E0015F148 /* AddEditViewController.m in Sources */ = {isa = PBXBuildFile; fileRef = 2003186F1564B48D0015F148 /* AddEditViewController.m */; };
		200318AB1564C8540015F148 /* TodoCell.m in Sources */ = {isa = PBXBuildFile; fileRef = 200318AA1564C8530015F148 /* TodoCell.m */; };
/* End PBXBuildFile section */

/* Begin PBXFileReference section */
		2003184E1564B1A60015F148 /* TodoList.app */ = {isa = PBXFileReference; explicitFileType = wrapper.application; includeInIndex = 0; path = TodoList.app; sourceTree = BUILT_PRODUCTS_DIR; };
		200318521564B1A60015F148 /* UIKit.framework */ = {isa = PBXFileReference; lastKnownFileType = wrapper.framework; name = UIKit.framework; path = System/Library/Frameworks/UIKit.framework; sourceTree = SDKROOT; };
		200318541564B1A60015F148 /* Foundation.framework */ = {isa = PBXFileReference; lastKnownFileType = wrapper.framework; name = Foundation.framework; path = System/Library/Frameworks/Foundation.framework; sourceTree = SDKROOT; };
		200318561564B1A60015F148 /* CoreGraphics.framework */ = {isa = PBXFileReference; lastKnownFileType = wrapper.framework; name = CoreGraphics.framework; path = System/Library/Frameworks/CoreGraphics.framework; sourceTree = SDKROOT; };
		2003185A1564B1A60015F148 /* TodoList-Info.plist */ = {isa = PBXFileReference; lastKnownFileType = text.plist.xml; path = "TodoList-Info.plist"; sourceTree = "<group>"; };
		2003185C1564B1A60015F148 /* en */ = {isa = PBXFileReference; lastKnownFileType = text.plist.strings; name = en; path = en.lproj/InfoPlist.strings; sourceTree = "<group>"; };
		2003185E1564B1A60015F148 /* main.m */ = {isa = PBXFileReference; lastKnownFileType = sourcecode.c.objc; path = main.m; sourceTree = "<group>"; };
		200318601564B1A60015F148 /* TodoList-Prefix.pch */ = {isa = PBXFileReference; lastKnownFileType = sourcecode.c.h; path = "TodoList-Prefix.pch"; sourceTree = "<group>"; };
		200318611564B1A60015F148 /* AppDelegate.h */ = {isa = PBXFileReference; lastKnownFileType = sourcecode.c.h; path = AppDelegate.h; sourceTree = "<group>"; };
		200318621564B1A70015F148 /* AppDelegate.m */ = {isa = PBXFileReference; lastKnownFileType = sourcecode.c.objc; path = AppDelegate.m; sourceTree = "<group>"; };
		200318691564B1DB0015F148 /* Storyboard_iPhone.storyboard */ = {isa = PBXFileReference; fileEncoding = 4; lastKnownFileType = file.storyboard; path = Storyboard_iPhone.storyboard; sourceTree = "<group>"; };
		2003186B1564B3130015F148 /* TodoTableViewController.h */ = {isa = PBXFileReference; fileEncoding = 4; lastKnownFileType = sourcecode.c.h; path = TodoTableViewController.h; sourceTree = "<group>"; };
		2003186C1564B3130015F148 /* TodoTableViewController.m */ = {isa = PBXFileReference; fileEncoding = 4; lastKnownFileType = sourcecode.c.objc; path = TodoTableViewController.m; sourceTree = "<group>"; };
		2003186E1564B48D0015F148 /* AddEditViewController.h */ = {isa = PBXFileReference; fileEncoding = 4; lastKnownFileType = sourcecode.c.h; path = AddEditViewController.h; sourceTree = "<group>"; };
		2003186F1564B48D0015F148 /* AddEditViewController.m */ = {isa = PBXFileReference; fileEncoding = 4; lastKnownFileType = sourcecode.c.objc; path = AddEditViewController.m; sourceTree = "<group>"; };
		200318931564BD0C0015F148 /* TodoDelegate.h */ = {isa = PBXFileReference; fileEncoding = 4; lastKnownFileType = sourcecode.c.h; path = TodoDelegate.h; sourceTree = "<group>"; };
		200318A91564C8530015F148 /* TodoCell.h */ = {isa = PBXFileReference; fileEncoding = 4; lastKnownFileType = sourcecode.c.h; path = TodoCell.h; sourceTree = "<group>"; };
		200318AA1564C8530015F148 /* TodoCell.m */ = {isa = PBXFileReference; fileEncoding = 4; lastKnownFileType = sourcecode.c.objc; path = TodoCell.m; sourceTree = "<group>"; };
/* End PBXFileReference section */

/* Begin PBXFrameworksBuildPhase section */
		2003184B1564B1A60015F148 /* Frameworks */ = {
			isa = PBXFrameworksBuildPhase;
			buildActionMask = 2147483647;
			files = (
				200318531564B1A60015F148 /* UIKit.framework in Frameworks */,
				200318551564B1A60015F148 /* Foundation.framework in Frameworks */,
				200318571564B1A60015F148 /* CoreGraphics.framework in Frameworks */,
			);
			runOnlyForDeploymentPostprocessing = 0;
		};
/* End PBXFrameworksBuildPhase section */

/* Begin PBXGroup section */
		200318431564B1A60015F148 = {
			isa = PBXGroup;
			children = (
				200318581564B1A60015F148 /* TodoList */,
				200318511564B1A60015F148 /* Frameworks */,
				2003184F1564B1A60015F148 /* Products */,
			);
			sourceTree = "<group>";
		};
		2003184F1564B1A60015F148 /* Products */ = {
			isa = PBXGroup;
			children = (
				2003184E1564B1A60015F148 /* TodoList.app */,
			);
			name = Products;
			sourceTree = "<group>";
		};
		200318511564B1A60015F148 /* Frameworks */ = {
			isa = PBXGroup;
			children = (
				200318521564B1A60015F148 /* UIKit.framework */,
				200318541564B1A60015F148 /* Foundation.framework */,
				200318561564B1A60015F148 /* CoreGraphics.framework */,
			);
			name = Frameworks;
			sourceTree = "<group>";
		};
		200318581564B1A60015F148 /* TodoList */ = {
			isa = PBXGroup;
			children = (
				200318611564B1A60015F148 /* AppDelegate.h */,
				200318621564B1A70015F148 /* AppDelegate.m */,
				200318691564B1DB0015F148 /* Storyboard_iPhone.storyboard */,
				200318A91564C8530015F148 /* TodoCell.h */,
				200318AA1564C8530015F148 /* TodoCell.m */,
				2003186E1564B48D0015F148 /* AddEditViewController.h */,
				2003186F1564B48D0015F148 /* AddEditViewController.m */,
				200318931564BD0C0015F148 /* TodoDelegate.h */,
				200318591564B1A60015F148 /* Supporting Files */,
				2003186B1564B3130015F148 /* TodoTableViewController.h */,
				2003186C1564B3130015F148 /* TodoTableViewController.m */,
			);
			path = TodoList;
			sourceTree = "<group>";
		};
		200318591564B1A60015F148 /* Supporting Files */ = {
			isa = PBXGroup;
			children = (
				2003185A1564B1A60015F148 /* TodoList-Info.plist */,
				2003185B1564B1A60015F148 /* InfoPlist.strings */,
				2003185E1564B1A60015F148 /* main.m */,
				200318601564B1A60015F148 /* TodoList-Prefix.pch */,
			);
			name = "Supporting Files";
			sourceTree = "<group>";
		};
/* End PBXGroup section */

/* Begin PBXNativeTarget section */
		2003184D1564B1A60015F148 /* TodoList */ = {
			isa = PBXNativeTarget;
			buildConfigurationList = 200318661564B1A70015F148 /* Build configuration list for PBXNativeTarget "TodoList" */;
			buildPhases = (
				2003184A1564B1A60015F148 /* Sources */,
				2003184B1564B1A60015F148 /* Frameworks */,
				2003184C1564B1A60015F148 /* Resources */,
			);
			buildRules = (
			);
			dependencies = (
			);
			name = TodoList;
			productName = TodoList;
			productReference = 2003184E1564B1A60015F148 /* TodoList.app */;
			productType = "com.apple.product-type.application";
		};
/* End PBXNativeTarget section */

/* Begin PBXProject section */
		200318451564B1A60015F148 /* Project object */ = {
			isa = PBXProject;
			attributes = {
				LastUpgradeCheck = 0420;
				ORGANIZATIONNAME = NewAperio;
			};
			buildConfigurationList = 200318481564B1A60015F148 /* Build configuration list for PBXProject "TodoList" */;
			compatibilityVersion = "Xcode 3.2";
			developmentRegion = English;
			hasScannedForEncodings = 0;
			knownRegions = (
				en,
			);
			mainGroup = 200318431564B1A60015F148;
			productRefGroup = 2003184F1564B1A60015F148 /* Products */;
			projectDirPath = "";
			projectRoot = "";
			targets = (
				2003184D1564B1A60015F148 /* TodoList */,
			);
		};
/* End PBXProject section */

/* Begin PBXResourcesBuildPhase section */
		2003184C1564B1A60015F148 /* Resources */ = {
			isa = PBXResourcesBuildPhase;
			buildActionMask = 2147483647;
			files = (
				2003185D1564B1A60015F148 /* InfoPlist.strings in Resources */,
				2003186A1564B1DB0015F148 /* Storyboard_iPhone.storyboard in Resources */,
			);
			runOnlyForDeploymentPostprocessing = 0;
		};
/* End PBXResourcesBuildPhase section */

/* Begin PBXSourcesBuildPhase section */
		2003184A1564B1A60015F148 /* Sources */ = {
			isa = PBXSourcesBuildPhase;
			buildActionMask = 2147483647;
			files = (
				2003185F1564B1A60015F148 /* main.m in Sources */,
				200318631564B1A70015F148 /* AppDelegate.m in Sources */,
				2003186D1564B3130015F148 /* TodoTableViewController.m in Sources */,
				200318701564B48E0015F148 /* AddEditViewController.m in Sources */,
				200318AB1564C8540015F148 /* TodoCell.m in Sources */,
			);
			runOnlyForDeploymentPostprocessing = 0;
		};
/* End PBXSourcesBuildPhase section */

/* Begin PBXVariantGroup section */
		2003185B1564B1A60015F148 /* InfoPlist.strings */ = {
			isa = PBXVariantGroup;
			children = (
				2003185C1564B1A60015F148 /* en */,
			);
			name = InfoPlist.strings;
			sourceTree = "<group>";
		};
/* End PBXVariantGroup section */

/* Begin XCBuildConfiguration section */
		200318641564B1A70015F148 /* Debug */ = {
			isa = XCBuildConfiguration;
			buildSettings = {
				ALWAYS_SEARCH_USER_PATHS = NO;
				ARCHS = "$(ARCHS_STANDARD_32_BIT)";
				"CODE_SIGN_IDENTITY[sdk=iphoneos*]" = "iPhone Developer";
				COPY_PHASE_STRIP = NO;
				GCC_C_LANGUAGE_STANDARD = gnu99;
				GCC_DYNAMIC_NO_PIC = NO;
				GCC_OPTIMIZATION_LEVEL = 0;
				GCC_PREPROCESSOR_DEFINITIONS = (
					"DEBUG=1",
					"$(inherited)",
				);
				GCC_SYMBOLS_PRIVATE_EXTERN = NO;
				GCC_VERSION = com.apple.compilers.llvm.clang.1_0;
				GCC_WARN_ABOUT_MISSING_PROTOTYPES = YES;
				GCC_WARN_ABOUT_RETURN_TYPE = YES;
				GCC_WARN_UNUSED_VARIABLE = YES;
				IPHONEOS_DEPLOYMENT_TARGET = 5.0;
				SDKROOT = iphoneos;
				TARGETED_DEVICE_FAMILY = "1,2";
			};
			name = Debug;
		};
		200318651564B1A70015F148 /* Release */ = {
			isa = XCBuildConfiguration;
			buildSettings = {
				ALWAYS_SEARCH_USER_PATHS = NO;
				ARCHS = "$(ARCHS_STANDARD_32_BIT)";
				"CODE_SIGN_IDENTITY[sdk=iphoneos*]" = "iPhone Developer";
				COPY_PHASE_STRIP = YES;
				GCC_C_LANGUAGE_STANDARD = gnu99;
				GCC_VERSION = com.apple.compilers.llvm.clang.1_0;
				GCC_WARN_ABOUT_MISSING_PROTOTYPES = YES;
				GCC_WARN_ABOUT_RETURN_TYPE = YES;
				GCC_WARN_UNUSED_VARIABLE = YES;
				IPHONEOS_DEPLOYMENT_TARGET = 5.0;
				OTHER_CFLAGS = "-DNS_BLOCK_ASSERTIONS=1";
				SDKROOT = iphoneos;
				TARGETED_DEVICE_FAMILY = "1,2";
				VALIDATE_PRODUCT = YES;
			};
			name = Release;
		};
		200318671564B1A70015F148 /* Debug */ = {
			isa = XCBuildConfiguration;
			buildSettings = {
				GCC_PRECOMPILE_PREFIX_HEADER = YES;
				GCC_PREFIX_HEADER = "TodoList/TodoList-Prefix.pch";
				INFOPLIST_FILE = "TodoList/TodoList-Info.plist";
				PRODUCT_NAME = "$(TARGET_NAME)";
				WRAPPER_EXTENSION = app;
			};
			name = Debug;
		};
		200318681564B1A70015F148 /* Release */ = {
			isa = XCBuildConfiguration;
			buildSettings = {
				GCC_PRECOMPILE_PREFIX_HEADER = YES;
				GCC_PREFIX_HEADER = "TodoList/TodoList-Prefix.pch";
				INFOPLIST_FILE = "TodoList/TodoList-Info.plist";
				PRODUCT_NAME = "$(TARGET_NAME)";
				WRAPPER_EXTENSION = app;
			};
			name = Release;
		};
/* End XCBuildConfiguration section */

/* Begin XCConfigurationList section */
		200318481564B1A60015F148 /* Build configuration list for PBXProject "TodoList" */ = {
			isa = XCConfigurationList;
			buildConfigurations = (
				200318641564B1A70015F148 /* Debug */,
				200318651564B1A70015F148 /* Release */,
			);
			defaultConfigurationIsVisible = 0;
			defaultConfigurationName = Release;
		};
		200318661564B1A70015F148 /* Build configuration list for PBXNativeTarget "TodoList" */ = {
			isa = XCConfigurationList;
			buildConfigurations = (
				200318671564B1A70015F148 /* Debug */,
				200318681564B1A70015F148 /* Release */,
			);
			defaultConfigurationIsVisible = 0;
		};
/* End XCConfigurationList section */
	};
	rootObject = 200318451564B1A60015F148 /* Project object */;
}
